{
  "name": "FastCode",
  "lockfileVersion": 3,
  "requires": true,
  "packages": {
    "": {
      "dependencies": {
        "@nivo/line": "^0.87.0",
        "@nivo/pie": "^0.87.0"
      }
    },
    "node_modules/@nivo/annotations": {
      "version": "0.87.0",
      "resolved": "https://registry.npmjs.org/@nivo/annotations/-/annotations-0.87.0.tgz",
      "integrity": "sha512-4Xk/soEmi706iOKszjX1EcGLBNIvhMifCYXOuLIFlMAXqhw1x2YS7PxickVSskdSzJCwJX4NgQ/R/9u6nxc5OA==",
      "dependencies": {
        "@nivo/colors": "0.87.0",
        "@nivo/core": "0.87.0",
        "@react-spring/web": "9.4.5 || ^9.7.2",
        "lodash": "^4.17.21"
      },
      "peerDependencies": {
        "react": ">= 16.14.0 < 19.0.0"
      }
    },
    "node_modules/@nivo/arcs": {
      "version": "0.87.0",
      "resolved": "https://registry.npmjs.org/@nivo/arcs/-/arcs-0.87.0.tgz",
      "integrity": "sha512-YWmIm0el0hgVbPI3C5AX6R59WNnuKjh2GdocaVDP5zupqAMhfqyoMx+IM+A+Cg+UzE4xakrL0mSzL+rpMUK90Q==",
      "dependencies": {
        "@nivo/colors": "0.87.0",
        "@nivo/core": "0.87.0",
        "@react-spring/web": "9.4.5 || ^9.7.2",
        "@types/d3-shape": "^3.1.6",
        "d3-shape": "^3.2.0"
      },
      "peerDependencies": {
        "react": ">= 16.14.0 < 19.0.0"
      }
    },
    "node_modules/@nivo/axes": {
      "version": "0.87.0",
      "resolved": "https://registry.npmjs.org/@nivo/axes/-/axes-0.87.0.tgz",
      "integrity": "sha512-zCRBfiRKJi+xOxwxH5Pxq/8+yv3fAYDl4a1F2Ssnp5gMIobwzVsdearvsm5B04e9bfy3ZXTL7KgbkEkSAwu6SA==",
      "dependencies": {
        "@nivo/core": "0.87.0",
        "@nivo/scales": "0.87.0",
        "@react-spring/web": "9.4.5 || ^9.7.2",
        "@types/d3-format": "^1.4.1",
        "@types/d3-time-format": "^2.3.1",
        "d3-format": "^1.4.4",
        "d3-time-format": "^3.0.0"
      },
      "peerDependencies": {
        "react": ">= 16.14.0 < 19.0.0"
      }
    },
    "node_modules/@nivo/colors": {
      "version": "0.87.0",
      "resolved": "https://registry.npmjs.org/@nivo/colors/-/colors-0.87.0.tgz",
      "integrity": "sha512-S4pZzRGKK23t8XAjQMhML6wwsfKO9nH03xuyN4SvCodNA/Dmdys9xV+9Dg/VILTzvzsBTBGTX0dFBg65WoKfVg==",
      "dependencies": {
        "@nivo/core": "0.87.0",
        "@types/d3-color": "^3.0.0",
        "@types/d3-scale": "^4.0.8",
        "@types/d3-scale-chromatic": "^3.0.0",
        "@types/prop-types": "^15.7.2",
        "d3-color": "^3.1.0",
        "d3-scale": "^4.0.2",
        "d3-scale-chromatic": "^3.0.0",
        "lodash": "^4.17.21",
        "prop-types": "^15.7.2"
      },
      "peerDependencies": {
        "react": ">= 16.14.0 < 19.0.0"
      }
    },
    "node_modules/@nivo/core": {
      "version": "0.87.0",
      "resolved": "https://registry.npmjs.org/@nivo/core/-/core-0.87.0.tgz",
      "integrity": "sha512-yEQWJn7QjWnbmCZccBCo4dligNyNyz3kgyV9vEtcaB1iGeKhg55RJEAlCOul+IDgSCSPFci2SxTmipE6LZEZCg==",
      "dependencies": {
        "@nivo/tooltip": "0.87.0",
        "@react-spring/web": "9.4.5 || ^9.7.2",
        "@types/d3-shape": "^3.1.6",
        "d3-color": "^3.1.0",
        "d3-format": "^1.4.4",
        "d3-interpolate": "^3.0.1",
        "d3-scale": "^4.0.2",
        "d3-scale-chromatic": "^3.0.0",
        "d3-shape": "^3.2.0",
        "d3-time-format": "^3.0.0",
        "lodash": "^4.17.21",
        "prop-types": "^15.7.2"
      },
      "funding": {
        "type": "opencollective",
        "url": "https://opencollective.com/nivo/donate"
      },
      "peerDependencies": {
        "react": ">= 16.14.0 < 19.0.0"
      }
    },
    "node_modules/@nivo/legends": {
      "version": "0.87.0",
      "resolved": "https://registry.npmjs.org/@nivo/legends/-/legends-0.87.0.tgz",
      "integrity": "sha512-bVJCeqEmK4qHrxNaPU/+hXUd/yaKlcQ0yrsR18ewoknVX+pgvbe/+tRKJ+835JXlvRijYIuqwK1sUJQIxyB7oA==",
      "dependencies": {
        "@nivo/colors": "0.87.0",
        "@nivo/core": "0.87.0",
        "@types/d3-scale": "^4.0.8",
        "d3-scale": "^4.0.2"
      },
      "peerDependencies": {
        "react": ">= 16.14.0 < 19.0.0"
      }
    },
    "node_modules/@nivo/line": {
      "version": "0.87.0",
      "resolved": "https://registry.npmjs.org/@nivo/line/-/line-0.87.0.tgz",
      "integrity": "sha512-Ki/WDd8ZU8VWScW4ZeKUFCXRdAEg8nrS+F+jdfJDPxyxUMHZJCAbrXrnsExcEQLOaDQ2aU/bijEMiDS8/dJzuA==",
      "dependencies": {
        "@nivo/annotations": "0.87.0",
        "@nivo/axes": "0.87.0",
        "@nivo/colors": "0.87.0",
        "@nivo/core": "0.87.0",
        "@nivo/legends": "0.87.0",
        "@nivo/scales": "0.87.0",
        "@nivo/tooltip": "0.87.0",
        "@nivo/voronoi": "0.87.0",
        "@react-spring/web": "9.4.5 || ^9.7.2",
        "d3-shape": "^3.2.0"
      },
      "peerDependencies": {
        "react": ">= 16.14.0 < 19.0.0"
      }
    },
    "node_modules/@nivo/pie": {
      "version": "0.87.0",
      "resolved": "https://registry.npmjs.org/@nivo/pie/-/pie-0.87.0.tgz",
      "integrity": "sha512-kY6LAQhOITwg8waFoDYLPkwUj/5XavSm61c7dXXJgCtqoj6c5u9AgwOTnZqS6IhMVEc5KV7ZNxSEHlHLQinmrg==",
      "dependencies": {
        "@nivo/arcs": "0.87.0",
        "@nivo/colors": "0.87.0",
        "@nivo/core": "0.87.0",
        "@nivo/legends": "0.87.0",
        "@nivo/tooltip": "0.87.0",
        "@types/d3-shape": "^3.1.6",
        "d3-shape": "^3.2.0"
      },
      "peerDependencies": {
        "react": ">= 16.14.0 < 19.0.0"
      }
    },
    "node_modules/@nivo/scales": {
      "version": "0.87.0",
      "resolved": "https://registry.npmjs.org/@nivo/scales/-/scales-0.87.0.tgz",
      "integrity": "sha512-IHdY9w2em/xpWurcbhUR3cUA1dgbY06rU8gmA/skFCwf3C4Da3Rqwr0XqvxmkDC+EdT/iFljMbLst7VYiCnSdw==",
      "dependencies": {
        "@types/d3-scale": "^4.0.8",
        "@types/d3-time": "^1.1.1",
        "@types/d3-time-format": "^3.0.0",
        "d3-scale": "^4.0.2",
        "d3-time": "^1.0.11",
        "d3-time-format": "^3.0.0",
        "lodash": "^4.17.21"
      }
    },
    "node_modules/@nivo/scales/node_modules/@types/d3-time": {
      "version": "1.1.4",
      "resolved": "https://registry.npmjs.org/@types/d3-time/-/d3-time-1.1.4.tgz",
      "integrity": "sha512-JIvy2HjRInE+TXOmIGN5LCmeO0hkFZx5f9FZ7kiN+D+YTcc8pptsiLiuHsvwxwC7VVKmJ2ExHUgNlAiV7vQM9g=="
    },
    "node_modules/@nivo/scales/node_modules/@types/d3-time-format": {
      "version": "3.0.4",
      "resolved": "https://registry.npmjs.org/@types/d3-time-format/-/d3-time-format-3.0.4.tgz",
      "integrity": "sha512-or9DiDnYI1h38J9hxKEsw513+KVuFbEVhl7qdxcaudoiqWWepapUen+2vAriFGexr6W5+P4l9+HJrB39GG+oRg=="
    },
    "node_modules/@nivo/scales/node_modules/d3-time": {
      "version": "1.1.0",
      "resolved": "https://registry.npmjs.org/d3-time/-/d3-time-1.1.0.tgz",
      "integrity": "sha512-Xh0isrZ5rPYYdqhAVk8VLnMEidhz5aP7htAADH6MfzgmmicPkTo8LhkLxci61/lCB7n7UmE3bN0leRt+qvkLxA=="
    },
    "node_modules/@nivo/tooltip": {
      "version": "0.87.0",
      "resolved": "https://registry.npmjs.org/@nivo/tooltip/-/tooltip-0.87.0.tgz",
      "integrity": "sha512-nZJWyRIt/45V/JBdJ9ksmNm1LFfj59G1Dy9wB63Icf2YwyBT+J+zCzOGXaY7gxCxgF1mnSL3dC7fttcEdXyN/g==",
      "dependencies": {
        "@nivo/core": "0.87.0",
        "@react-spring/web": "9.4.5 || ^9.7.2"
      },
      "peerDependencies": {
        "react": ">= 16.14.0 < 19.0.0"
      }
    },
    "node_modules/@nivo/voronoi": {
      "version": "0.87.0",
      "resolved": "https://registry.npmjs.org/@nivo/voronoi/-/voronoi-0.87.0.tgz",
      "integrity": "sha512-Tg+9YnCX8LKsEwZMY1Q83mWiVFiyU2smxrO3JaC9vzjIh/2A/bkNPwC6BdmRaQMvY1jngKs+WKDnNxSQWFSOEg==",
      "dependencies": {
        "@nivo/core": "0.87.0",
        "@nivo/tooltip": "0.87.0",
        "@types/d3-delaunay": "^6.0.4",
        "@types/d3-scale": "^4.0.8",
        "d3-delaunay": "^6.0.4",
        "d3-scale": "^4.0.2"
      },
      "peerDependencies": {
        "react": ">= 16.14.0 < 19.0.0"
      }
    },
    "node_modules/@react-spring/animated": {
      "version": "9.7.3",
      "resolved": "https://registry.npmjs.org/@react-spring/animated/-/animated-9.7.3.tgz",
      "integrity": "sha512-5CWeNJt9pNgyvuSzQH+uy2pvTg8Y4/OisoscZIR8/ZNLIOI+CatFBhGZpDGTF/OzdNFsAoGk3wiUYTwoJ0YIvw==",
      "dependencies": {
        "@react-spring/shared": "~9.7.3",
        "@react-spring/types": "~9.7.3"
      },
      "peerDependencies": {
        "react": "^16.8.0 || ^17.0.0 || ^18.0.0"
      }
    },
    "node_modules/@react-spring/core": {
      "version": "9.7.3",
      "resolved": "https://registry.npmjs.org/@react-spring/core/-/core-9.7.3.tgz",
      "integrity": "sha512-IqFdPVf3ZOC1Cx7+M0cXf4odNLxDC+n7IN3MDcVCTIOSBfqEcBebSv+vlY5AhM0zw05PDbjKrNmBpzv/AqpjnQ==",
      "dependencies": {
        "@react-spring/animated": "~9.7.3",
        "@react-spring/shared": "~9.7.3",
        "@react-spring/types": "~9.7.3"
      },
      "funding": {
        "type": "opencollective",
        "url": "https://opencollective.com/react-spring/donate"
      },
      "peerDependencies": {
        "react": "^16.8.0 || ^17.0.0 || ^18.0.0"
      }
    },
    "node_modules/@react-spring/shared": {
      "version": "9.7.3",
      "resolved": "https://registry.npmjs.org/@react-spring/shared/-/shared-9.7.3.tgz",
      "integrity": "sha512-NEopD+9S5xYyQ0pGtioacLhL2luflh6HACSSDUZOwLHoxA5eku1UPuqcJqjwSD6luKjjLfiLOspxo43FUHKKSA==",
      "dependencies": {
        "@react-spring/types": "~9.7.3"
      },
      "peerDependencies": {
        "react": "^16.8.0 || ^17.0.0 || ^18.0.0"
      }
    },
    "node_modules/@react-spring/types": {
      "version": "9.7.3",
      "resolved": "https://registry.npmjs.org/@react-spring/types/-/types-9.7.3.tgz",
      "integrity": "sha512-Kpx/fQ/ZFX31OtlqVEFfgaD1ACzul4NksrvIgYfIFq9JpDHFwQkMVZ10tbo0FU/grje4rcL4EIrjekl3kYwgWw=="
    },
    "node_modules/@react-spring/web": {
      "version": "9.7.3",
      "resolved": "https://registry.npmjs.org/@react-spring/web/-/web-9.7.3.tgz",
      "integrity": "sha512-BXt6BpS9aJL/QdVqEIX9YoUy8CE6TJrU0mNCqSoxdXlIeNcEBWOfIyE6B14ENNsyQKS3wOWkiJfco0tCr/9tUg==",
      "dependencies": {
        "@react-spring/animated": "~9.7.3",
        "@react-spring/core": "~9.7.3",
        "@react-spring/shared": "~9.7.3",
        "@react-spring/types": "~9.7.3"
      },
      "peerDependencies": {
        "react": "^16.8.0 || ^17.0.0 || ^18.0.0",
        "react-dom": "^16.8.0 || ^17.0.0 || ^18.0.0"
      }
    },
    "node_modules/@types/d3-color": {
      "version": "3.1.3",
      "resolved": "https://registry.npmjs.org/@types/d3-color/-/d3-color-3.1.3.tgz",
      "integrity": "sha512-iO90scth9WAbmgv7ogoq57O9YpKmFBbmoEoCHDB2xMBY0+/KVrqAaCDyCE16dUspeOvIxFFRI+0sEtqDqy2b4A=="
    },
    "node_modules/@types/d3-delaunay": {
      "version": "6.0.4",
      "resolved": "https://registry.npmjs.org/@types/d3-delaunay/-/d3-delaunay-6.0.4.tgz",
      "integrity": "sha512-ZMaSKu4THYCU6sV64Lhg6qjf1orxBthaC161plr5KuPHo3CNm8DTHiLw/5Eq2b6TsNP0W0iJrUOFscY6Q450Hw=="
    },
    "node_modules/@types/d3-format": {
      "version": "1.4.5",
      "resolved": "https://registry.npmjs.org/@types/d3-format/-/d3-format-1.4.5.tgz",
      "integrity": "sha512-mLxrC1MSWupOSncXN/HOlWUAAIffAEBaI4+PKy2uMPsKe4FNZlk7qrbTjmzJXITQQqBHivaks4Td18azgqnotA=="
    },
    "node_modules/@types/d3-path": {
      "version": "3.1.0",
      "resolved": "https://registry.npmjs.org/@types/d3-path/-/d3-path-3.1.0.tgz",
      "integrity": "sha512-P2dlU/q51fkOc/Gfl3Ul9kicV7l+ra934qBFXCFhrZMOL6du1TM0pm1ThYvENukyOn5h9v+yMJ9Fn5JK4QozrQ=="
    },
    "node_modules/@types/d3-scale": {
      "version": "4.0.8",
      "resolved": "https://registry.npmjs.org/@types/d3-scale/-/d3-scale-4.0.8.tgz",
      "integrity": "sha512-gkK1VVTr5iNiYJ7vWDI+yUFFlszhNMtVeneJ6lUTKPjprsvLLI9/tgEGiXJOnlINJA8FyA88gfnQsHbybVZrYQ==",
      "dependencies": {
        "@types/d3-time": "*"
      }
    },
    "node_modules/@types/d3-scale-chromatic": {
      "version": "3.0.3",
      "resolved": "https://registry.npmjs.org/@types/d3-scale-chromatic/-/d3-scale-chromatic-3.0.3.tgz",
      "integrity": "sha512-laXM4+1o5ImZv3RpFAsTRn3TEkzqkytiOY0Dz0sq5cnd1dtNlk6sHLon4OvqaiJb28T0S/TdsBI3Sjsy+keJrw=="
    },
    "node_modules/@types/d3-shape": {
      "version": "3.1.6",
      "resolved": "https://registry.npmjs.org/@types/d3-shape/-/d3-shape-3.1.6.tgz",
      "integrity": "sha512-5KKk5aKGu2I+O6SONMYSNflgiP0WfZIQvVUMan50wHsLG1G94JlxEVnCpQARfTtzytuY0p/9PXXZb3I7giofIA==",
      "dependencies": {
        "@types/d3-path": "*"
      }
    },
    "node_modules/@types/d3-time": {
      "version": "3.0.3",
      "resolved": "https://registry.npmjs.org/@types/d3-time/-/d3-time-3.0.3.tgz",
      "integrity": "sha512-2p6olUZ4w3s+07q3Tm2dbiMZy5pCDfYwtLXXHUnVzXgQlZ/OyPtUz6OL382BkOuGlLXqfT+wqv8Fw2v8/0geBw=="
    },
    "node_modules/@types/d3-time-format": {
      "version": "2.3.4",
      "resolved": "https://registry.npmjs.org/@types/d3-time-format/-/d3-time-format-2.3.4.tgz",
      "integrity": "sha512-xdDXbpVO74EvadI3UDxjxTdR6QIxm1FKzEA/+F8tL4GWWUg/hgvBqf6chql64U5A9ZUGWo7pEu4eNlyLwbKdhg=="
    },
    "node_modules/@types/prop-types": {
      "version": "15.7.12",
      "resolved": "https://registry.npmjs.org/@types/prop-types/-/prop-types-15.7.12.tgz",
      "integrity": "sha512-5zvhXYtRNRluoE/jAp4GVsSduVUzNWKkOZrCDBWYtE7biZywwdC2AcEzg+cSMLFRfVgeAFqpfNabiPjxFddV1Q=="
    },
    "node_modules/d3-array": {
      "version": "3.2.4",
      "resolved": "https://registry.npmjs.org/d3-array/-/d3-array-3.2.4.tgz",
      "integrity": "sha512-tdQAmyA18i4J7wprpYq8ClcxZy3SC31QMeByyCFyRt7BVHdREQZ5lpzoe5mFEYZUWe+oq8HBvk9JjpibyEV4Jg==",
      "dependencies": {
        "internmap": "1 - 2"
      },
      "engines": {
        "node": ">=12"
      }
    },
    "node_modules/d3-color": {
      "version": "3.1.0",
      "resolved": "https://registry.npmjs.org/d3-color/-/d3-color-3.1.0.tgz",
      "integrity": "sha512-zg/chbXyeBtMQ1LbD/WSoW2DpC3I0mpmPdW+ynRTj/x2DAWYrIY7qeZIHidozwV24m4iavr15lNwIwLxRmOxhA==",
      "engines": {
        "node": ">=12"
      }
    },
    "node_modules/d3-delaunay": {
      "version": "6.0.4",
      "resolved": "https://registry.npmjs.org/d3-delaunay/-/d3-delaunay-6.0.4.tgz",
      "integrity": "sha512-mdjtIZ1XLAM8bm/hx3WwjfHt6Sggek7qH043O8KEjDXN40xi3vx/6pYSVTwLjEgiXQTbvaouWKynLBiUZ6SK6A==",
      "dependencies": {
        "delaunator": "5"
      },
      "engines": {
        "node": ">=12"
      }
    },
    "node_modules/d3-format": {
      "version": "1.4.5",
      "resolved": "https://registry.npmjs.org/d3-format/-/d3-format-1.4.5.tgz",
      "integrity": "sha512-J0piedu6Z8iB6TbIGfZgDzfXxUFN3qQRMofy2oPdXzQibYGqPB/9iMcxr/TGalU+2RsyDO+U4f33id8tbnSRMQ=="
    },
    "node_modules/d3-interpolate": {
      "version": "3.0.1",
      "resolved": "https://registry.npmjs.org/d3-interpolate/-/d3-interpolate-3.0.1.tgz",
      "integrity": "sha512-3bYs1rOD33uo8aqJfKP3JWPAibgw8Zm2+L9vBKEHJ2Rg+viTR7o5Mmv5mZcieN+FRYaAOWX5SJATX6k1PWz72g==",
      "dependencies": {
        "d3-color": "1 - 3"
      },
      "engines": {
        "node": ">=12"
      }
    },
    "node_modules/d3-path": {
      "version": "3.1.0",
      "resolved": "https://registry.npmjs.org/d3-path/-/d3-path-3.1.0.tgz",
      "integrity": "sha512-p3KP5HCf/bvjBSSKuXid6Zqijx7wIfNW+J/maPs+iwR35at5JCbLUT0LzF1cnjbCHWhqzQTIN2Jpe8pRebIEFQ==",
      "engines": {
        "node": ">=12"
      }
    },
    "node_modules/d3-scale": {
      "version": "4.0.2",
      "resolved": "https://registry.npmjs.org/d3-scale/-/d3-scale-4.0.2.tgz",
      "integrity": "sha512-GZW464g1SH7ag3Y7hXjf8RoUuAFIqklOAq3MRl4OaWabTFJY9PN/E1YklhXLh+OQ3fM9yS2nOkCoS+WLZ6kvxQ==",
      "dependencies": {
        "d3-array": "2.10.0 - 3",
        "d3-format": "1 - 3",
        "d3-interpolate": "1.2.0 - 3",
        "d3-time": "2.1.1 - 3",
        "d3-time-format": "2 - 4"
      },
      "engines": {
        "node": ">=12"
      }
    },
    "node_modules/d3-scale-chromatic": {
      "version": "3.1.0",
      "resolved": "https://registry.npmjs.org/d3-scale-chromatic/-/d3-scale-chromatic-3.1.0.tgz",
      "integrity": "sha512-A3s5PWiZ9YCXFye1o246KoscMWqf8BsD9eRiJ3He7C9OBaxKhAd5TFCdEx/7VbKtxxTsu//1mMJFrEt572cEyQ==",
      "dependencies": {
        "d3-color": "1 - 3",
        "d3-interpolate": "1 - 3"
      },
      "engines": {
        "node": ">=12"
      }
    },
    "node_modules/d3-shape": {
      "version": "3.2.0",
      "resolved": "https://registry.npmjs.org/d3-shape/-/d3-shape-3.2.0.tgz",
      "integrity": "sha512-SaLBuwGm3MOViRq2ABk3eLoxwZELpH6zhl3FbAoJ7Vm1gofKx6El1Ib5z23NUEhF9AsGl7y+dzLe5Cw2AArGTA==",
      "dependencies": {
        "d3-path": "^3.1.0"
      },
      "engines": {
        "node": ">=12"
      }
    },
    "node_modules/d3-time": {
      "version": "3.1.0",
      "resolved": "https://registry.npmjs.org/d3-time/-/d3-time-3.1.0.tgz",
      "integrity": "sha512-VqKjzBLejbSMT4IgbmVgDjpkYrNWUYJnbCGo874u7MMKIWsILRX+OpX/gTk8MqjpT1A/c6HY2dCA77ZN0lkQ2Q==",
      "dependencies": {
        "d3-array": "2 - 3"
      },
      "engines": {
        "node": ">=12"
      }
    },
    "node_modules/d3-time-format": {
      "version": "3.0.0",
      "resolved": "https://registry.npmjs.org/d3-time-format/-/d3-time-format-3.0.0.tgz",
      "integrity": "sha512-UXJh6EKsHBTjopVqZBhFysQcoXSv/5yLONZvkQ5Kk3qbwiUYkdX17Xa1PT6U1ZWXGGfB1ey5L8dKMlFq2DO0Ag==",
      "dependencies": {
        "d3-time": "1 - 2"
      }
    },
    "node_modules/d3-time-format/node_modules/d3-array": {
      "version": "2.12.1",
      "resolved": "https://registry.npmjs.org/d3-array/-/d3-array-2.12.1.tgz",
      "integrity": "sha512-B0ErZK/66mHtEsR1TkPEEkwdy+WDesimkM5gpZr5Dsg54BiTA5RXtYW5qTLIAcekaS9xfZrzBLF/OAkB3Qn1YQ==",
      "dependencies": {
        "internmap": "^1.0.0"
      }
    },
    "node_modules/d3-time-format/node_modules/d3-time": {
      "version": "2.1.1",
      "resolved": "https://registry.npmjs.org/d3-time/-/d3-time-2.1.1.tgz",
      "integrity": "sha512-/eIQe/eR4kCQwq7yxi7z4c6qEXf2IYGcjoWB5OOQy4Tq9Uv39/947qlDcN2TLkiTzQWzvnsuYPB9TrWaNfipKQ==",
      "dependencies": {
        "d3-array": "2"
      }
    },
    "node_modules/d3-time-format/node_modules/internmap": {
      "version": "1.0.1",
      "resolved": "https://registry.npmjs.org/internmap/-/internmap-1.0.1.tgz",
      "integrity": "sha512-lDB5YccMydFBtasVtxnZ3MRBHuaoE8GKsppq+EchKL2U4nK/DmEpPHNH8MZe5HkMtpSiTSOZwfN0tzYjO/lJEw=="
    },
    "node_modules/delaunator": {
      "version": "5.0.1",
      "resolved": "https://registry.npmjs.org/delaunator/-/delaunator-5.0.1.tgz",
      "integrity": "sha512-8nvh+XBe96aCESrGOqMp/84b13H9cdKbG5P2ejQCh4d4sK9RL4371qou9drQjMhvnPmhWl5hnmqbEE0fXr9Xnw==",
      "dependencies": {
        "robust-predicates": "^3.0.2"
      }
    },
    "node_modules/internmap": {
      "version": "2.0.3",
      "resolved": "https://registry.npmjs.org/internmap/-/internmap-2.0.3.tgz",
      "integrity": "sha512-5Hh7Y1wQbvY5ooGgPbDaL5iYLAPzMTUrjMulskHLH6wnv/A+1q5rgEaiuqEjB+oxGXIVZs1FF+R/KPN3ZSQYYg==",
      "engines": {
        "node": ">=12"
      }
    },
    "node_modules/js-tokens": {
      "version": "4.0.0",
      "resolved": "https://registry.npmjs.org/js-tokens/-/js-tokens-4.0.0.tgz",
      "integrity": "sha512-RdJUflcE3cUzKiMqQgsCu06FPu9UdIJO0beYbPhHN4k6apgJtifcoCtT9bcxOpYBtpD2kCM6Sbzg4CausW/PKQ=="
    },
    "node_modules/lodash": {
      "version": "4.17.21",
      "resolved": "https://registry.npmjs.org/lodash/-/lodash-4.17.21.tgz",
      "integrity": "sha512-v2kDEe57lecTulaDIuNTPy3Ry4gLGJ6Z1O3vE1krgXZNrsQ+LFTGHVxVjcXPs17LhbZVGedAJv8XZ1tvj5FvSg=="
    },
    "node_modules/loose-envify": {
      "version": "1.4.0",
      "resolved": "https://registry.npmjs.org/loose-envify/-/loose-envify-1.4.0.tgz",
      "integrity": "sha512-lyuxPGr/Wfhrlem2CL/UcnUc1zcqKAImBDzukY7Y5F/yQiNdko6+fRLevlw1HgMySw7f611UIY408EtxRSoK3Q==",
      "dependencies": {
        "js-tokens": "^3.0.0 || ^4.0.0"
      },
      "bin": {
        "loose-envify": "cli.js"
      }
    },
    "node_modules/object-assign": {
      "version": "4.1.1",
      "resolved": "https://registry.npmjs.org/object-assign/-/object-assign-4.1.1.tgz",
      "integrity": "sha512-rJgTQnkUnH1sFw8yT6VSU3zD3sWmu6sZhIseY8VX+GRu3P6F7Fu+JNDoXfklElbLJSnc3FUQHVe4cU5hj+BcUg==",
      "engines": {
        "node": ">=0.10.0"
      }
    },
    "node_modules/prop-types": {
      "version": "15.8.1",
      "resolved": "https://registry.npmjs.org/prop-types/-/prop-types-15.8.1.tgz",
      "integrity": "sha512-oj87CgZICdulUohogVAR7AjlC0327U4el4L6eAvOqCeudMDVU0NThNaV+b9Df4dXgSP1gXMTnPdhfe/2qDH5cg==",
      "dependencies": {
        "loose-envify": "^1.4.0",
        "object-assign": "^4.1.1",
        "react-is": "^16.13.1"
      }
    },
    "node_modules/react": {
      "version": "18.3.1",
      "resolved": "https://registry.npmjs.org/react/-/react-18.3.1.tgz",
      "integrity": "sha512-wS+hAgJShR0KhEvPJArfuPVN1+Hz1t0Y6n5jLrGQbkb4urgPE/0Rve+1kMB1v/oWgHgm4WIcV+i7F2pTVj+2iQ==",
      "peer": true,
      "dependencies": {
        "loose-envify": "^1.1.0"
      },
      "engines": {
        "node": ">=0.10.0"
      }
    },
    "node_modules/react-dom": {
      "version": "18.3.1",
      "resolved": "https://registry.npmjs.org/react-dom/-/react-dom-18.3.1.tgz",
      "integrity": "sha512-5m4nQKp+rZRb09LNH59GM4BxTh9251/ylbKIbpe7TpGxfJ+9kv6BLkLBXIjjspbgbnIBNqlI23tRnTWT0snUIw==",
      "peer": true,
      "dependencies": {
        "loose-envify": "^1.1.0",
        "scheduler": "^0.23.2"
      },
      "peerDependencies": {
        "react": "^18.3.1"
      }
    },
    "node_modules/react-is": {
      "version": "16.13.1",
      "resolved": "https://registry.npmjs.org/react-is/-/react-is-16.13.1.tgz",
      "integrity": "sha512-24e6ynE2H+OKt4kqsOvNd8kBpV65zoxbA4BVsEOB3ARVWQki/DHzaUoC5KuON/BiccDaCCTZBuOcfZs70kR8bQ=="
    },
    "node_modules/robust-predicates": {
      "version": "3.0.2",
      "resolved": "https://registry.npmjs.org/robust-predicates/-/robust-predicates-3.0.2.tgz",
      "integrity": "sha512-IXgzBWvWQwE6PrDI05OvmXUIruQTcoMDzRsOd5CDvHCVLcLHMTSYvOK5Cm46kWqlV3yAbuSpBZdJ5oP5OUoStg=="
    },
    "node_modules/scheduler": {
      "version": "0.23.2",
      "resolved": "https://registry.npmjs.org/scheduler/-/scheduler-0.23.2.tgz",
      "integrity": "sha512-UOShsPwz7NrMUqhR6t0hWjFduvOzbtv7toDH1/hIrfRNIDBnnBWd0CwJTGvTpngVlmwGCdP9/Zl/tVrDqcuYzQ==",
      "peer": true,
      "dependencies": {
        "loose-envify": "^1.1.0"
      }
    }
  }
}
